<?xml version="1.0" encoding="utf-8"?>
<Project ToolsVersion="4.0" xmlns="http://schemas.microsoft.com/developer/msbuild/2003">
  <ItemGroup>
    <Filter Include="リソース ファイル">
      <UniqueIdentifier>{67DA6AB6-F800-4c08-8B7A-83BB121AAD01}</UniqueIdentifier>
      <Extensions>rc;ico;cur;bmp;dlg;rc2;rct;bin;rgs;gif;jpg;jpeg;jpe;resx;tiff;tif;png;wav;mfcribbon-ms</Extensions>
    </Filter>
    <Filter Include="Shaders">
      <UniqueIdentifier>{ef8062b5-914d-4676-856e-79deda0761fc}</UniqueIdentifier>
    </Filter>
    <Filter Include="Engine">
      <UniqueIdentifier>{a87ba722-3ff9-406f-9643-6a2c1c51ba1a}</UniqueIdentifier>
    </Filter>
    <Filter Include="Engine\ヘッダー">
      <UniqueIdentifier>{f04ce88c-23ba-4e45-8623-bf33ab20cb62}</UniqueIdentifier>
    </Filter>
    <Filter Include="Engine\ソース ファイル">
      <UniqueIdentifier>{db406609-45c0-4303-b559-0d12b2ad5288}</UniqueIdentifier>
    </Filter>
    <Filter Include="Engine\ヘッダー\3D">
      <UniqueIdentifier>{424d7fa0-6948-4fdd-8b62-a8c61ab0c0e5}</UniqueIdentifier>
    </Filter>
    <Filter Include="Engine\ヘッダー\Base">
      <UniqueIdentifier>{eede79a8-e0dd-484f-ad47-23c5a91a407f}</UniqueIdentifier>
    </Filter>
    <Filter Include="Engine\ヘッダー\Camera">
      <UniqueIdentifier>{3a2c1999-bba2-47a3-a1c5-ed4a2e286b71}</UniqueIdentifier>
    </Filter>
    <Filter Include="Engine\ヘッダー\Collision">
      <UniqueIdentifier>{072b0089-dfd1-449a-8a3d-8993607cd41a}</UniqueIdentifier>
    </Filter>
    <Filter Include="Engine\ヘッダー\Drawing">
      <UniqueIdentifier>{0007e108-8107-4b95-a105-631d71d69c4a}</UniqueIdentifier>
    </Filter>
    <Filter Include="Engine\ヘッダー\GameFunction">
      <UniqueIdentifier>{91af1858-b155-4bb7-8b42-62203f67b5a6}</UniqueIdentifier>
    </Filter>
    <Filter Include="Engine\ヘッダー\Math">
      <UniqueIdentifier>{4b35cdcd-550b-4d8e-93da-cbcd6bcd7028}</UniqueIdentifier>
    </Filter>
    <Filter Include="Engine\ヘッダー\Sound">
      <UniqueIdentifier>{99909a45-d91c-4a1e-8187-ab7935ba3c1a}</UniqueIdentifier>
    </Filter>
    <Filter Include="Engine\ソース ファイル\Sound">
      <UniqueIdentifier>{6ac740a6-4dd2-45b0-9ee4-0cb23f770ee1}</UniqueIdentifier>
    </Filter>
    <Filter Include="Engine\ソース ファイル\3D">
      <UniqueIdentifier>{aae55f6e-9432-46ef-8aed-e619b5767615}</UniqueIdentifier>
    </Filter>
    <Filter Include="Engine\ソース ファイル\Base">
      <UniqueIdentifier>{c175a529-8ad3-4e14-a625-5b3d72a70cae}</UniqueIdentifier>
    </Filter>
    <Filter Include="Engine\ソース ファイル\Camera">
      <UniqueIdentifier>{8bbdc196-0954-4112-b925-8213058e302d}</UniqueIdentifier>
    </Filter>
    <Filter Include="Engine\ソース ファイル\Drawing">
      <UniqueIdentifier>{1739f8ac-9501-4241-b509-5ea41882335d}</UniqueIdentifier>
    </Filter>
    <Filter Include="Engine\ソース ファイル\Collision">
      <UniqueIdentifier>{c74b6612-29bb-4859-b746-7397c1314f78}</UniqueIdentifier>
    </Filter>
    <Filter Include="Engine\ソース ファイル\GameFunction">
      <UniqueIdentifier>{1ec3595e-5f41-40e6-8bfd-9251b2455273}</UniqueIdentifier>
    </Filter>
    <Filter Include="Engine\ソース ファイル\Math">
      <UniqueIdentifier>{56bb2ea3-cc31-4965-b789-e5a2b0e3d6cb}</UniqueIdentifier>
    </Filter>
    <Filter Include="ユーザーソース ファイル">
      <UniqueIdentifier>{4FC737F1-C7A5-4376-A066-2A32D752A2FF}</UniqueIdentifier>
      <Extensions>cpp;c;cc;cxx;c++;cppm;ixx;def;odl;idl;hpj;bat;asm;asmx</Extensions>
    </Filter>
    <Filter Include="ユーザーヘッダー ファイル">
      <UniqueIdentifier>{93995380-89BD-4b04-88EB-625FBE52EBFB}</UniqueIdentifier>
      <Extensions>h;hh;hpp;hxx;h++;hm;inl;inc;ipp;xsd</Extensions>
    </Filter>
    <Filter Include="Engine\ソース ファイル\2D">
      <UniqueIdentifier>{7a6205cf-89b9-452d-9be4-4d645c5a6467}</UniqueIdentifier>
    </Filter>
    <Filter Include="Engine\ヘッダー\2D">
      <UniqueIdentifier>{c38a081c-e8cd-4328-80bf-75f679fbdd67}</UniqueIdentifier>
    </Filter>
    <Filter Include="ユーザーソース ファイル\Enemy">
      <UniqueIdentifier>{e3b8b230-f642-4f8f-9d57-48e59550326b}</UniqueIdentifier>
    </Filter>
    <Filter Include="ユーザーヘッダー ファイル\Enemy">
      <UniqueIdentifier>{1dac81ab-cda1-46b0-aa7a-bf312e51348b}</UniqueIdentifier>
    </Filter>
    <Filter Include="ユーザーソース ファイル\Player">
      <UniqueIdentifier>{afe63864-f970-413a-a081-a5d0e58f2a22}</UniqueIdentifier>
    </Filter>
    <Filter Include="ユーザーヘッダー ファイル\Player">
      <UniqueIdentifier>{dee23e26-c538-4158-9f4d-1d26f3df2143}</UniqueIdentifier>
    </Filter>
    <Filter Include="ユーザーソース ファイル\RailCamera">
      <UniqueIdentifier>{eb250baf-8227-4ffc-a11d-a0af84be150b}</UniqueIdentifier>
    </Filter>
    <Filter Include="ユーザーヘッダー ファイル\RailCamra">
      <UniqueIdentifier>{f5839840-4fa8-4320-8ee8-bee54451aa31}</UniqueIdentifier>
    </Filter>
  </ItemGroup>
  <ItemGroup>
    <None Include="Resources\Shaders\Obj.hlsli">
      <Filter>Shaders</Filter>
    </None>
    <None Include="Resources\Shaders\Primitive.hlsli">
      <Filter>Shaders</Filter>
    </None>
    <None Include="Resources\Shaders\Shape.hlsli">
      <Filter>Shaders</Filter>
    </None>
    <None Include="Resources\Shaders\Sprite.hlsli">
      <Filter>Shaders</Filter>
    </None>
    <None Include="Resources\Shaders\Terrain.hlsli">
      <Filter>Shaders</Filter>
    </None>
    <None Include="Resources\Shaders\SpriteShaderHeader.hlsli">
      <Filter>Shaders</Filter>
    </None>
  </ItemGroup>
  <ItemGroup>
    <FxCompile Include="Resources\Shaders\ObjPS.hlsl">
      <Filter>Shaders</Filter>
    </FxCompile>
    <FxCompile Include="Resources\Shaders\ObjVS.hlsl">
      <Filter>Shaders</Filter>
    </FxCompile>
    <FxCompile Include="Resources\Shaders\PrimitivePS.hlsl">
      <Filter>Shaders</Filter>
    </FxCompile>
    <FxCompile Include="Resources\Shaders\PrimitiveVS.hlsl">
      <Filter>Shaders</Filter>
    </FxCompile>
    <FxCompile Include="Resources\Shaders\ShapePS.hlsl">
      <Filter>Shaders</Filter>
    </FxCompile>
    <FxCompile Include="Resources\Shaders\ShapeVS.hlsl">
      <Filter>Shaders</Filter>
    </FxCompile>
    <FxCompile Include="Resources\Shaders\SpritePS.hlsl">
      <Filter>Shaders</Filter>
    </FxCompile>
    <FxCompile Include="Resources\Shaders\SpriteVS.hlsl">
      <Filter>Shaders</Filter>
    </FxCompile>
    <FxCompile Include="Resources\Shaders\TerrainPS.hlsl">
      <Filter>Shaders</Filter>
    </FxCompile>
    <FxCompile Include="Resources\Shaders\TerrainVS.hlsl">
      <Filter>Shaders</Filter>
    </FxCompile>
    <FxCompile Include="Resources\Shaders\SpritePixelShader.hlsl">
      <Filter>Shaders</Filter>
    </FxCompile>
    <FxCompile Include="Resources\Shaders\SpriteVertexShader.hlsl">
      <Filter>Shaders</Filter>
    </FxCompile>
  </ItemGroup>
  <ItemGroup>
    <ClInclude Include="Sound\Audio.h">
      <Filter>Engine\ヘッダー\Sound</Filter>
    </ClInclude>
    <ClInclude Include="Math\Affin.h">
      <Filter>Engine\ヘッダー\Math</Filter>
    </ClInclude>
    <ClInclude Include="Math\Matrix4.h">
      <Filter>Engine\ヘッダー\Math</Filter>
    </ClInclude>
    <ClInclude Include="Math\MyMath.h">
      <Filter>Engine\ヘッダー\Math</Filter>
    </ClInclude>
    <ClInclude Include="Math\Vector2.h">
      <Filter>Engine\ヘッダー\Math</Filter>
    </ClInclude>
    <ClInclude Include="Math\Vector3.h">
      <Filter>Engine\ヘッダー\Math</Filter>
    </ClInclude>
    <ClInclude Include="Math\Vector4.h">
      <Filter>Engine\ヘッダー\Math</Filter>
    </ClInclude>
    <ClInclude Include="GameFunction\Input.h">
      <Filter>Engine\ヘッダー\GameFunction</Filter>
    </ClInclude>
    <ClInclude Include="Drawing\Material.h">
      <Filter>Engine\ヘッダー\Drawing</Filter>
    </ClInclude>
    <ClInclude Include="Drawing\TextureManager.h">
      <Filter>Engine\ヘッダー\Drawing</Filter>
    </ClInclude>
    <ClInclude Include="Camera\ViewProjection.h">
      <Filter>Engine\ヘッダー\Camera</Filter>
    </ClInclude>
    <ClInclude Include="Base\DirectXCore.h">
      <Filter>Engine\ヘッダー\Base</Filter>
    </ClInclude>
    <ClInclude Include="Base\ErrorException.h">
      <Filter>Engine\ヘッダー\Base</Filter>
    </ClInclude>
    <ClInclude Include="Base\FPS.h">
      <Filter>Engine\ヘッダー\Base</Filter>
    </ClInclude>
    <ClInclude Include="Base\SafeDelete.h">
      <Filter>Engine\ヘッダー\Base</Filter>
    </ClInclude>
    <ClInclude Include="Base\WinApp.h">
      <Filter>Engine\ヘッダー\Base</Filter>
    </ClInclude>
    <ClInclude Include="3D\Light.h">
      <Filter>Engine\ヘッダー\3D</Filter>
    </ClInclude>
    <ClInclude Include="3D\Mesh.h">
      <Filter>Engine\ヘッダー\3D</Filter>
    </ClInclude>
    <ClInclude Include="3D\Model.h">
      <Filter>Engine\ヘッダー\3D</Filter>
    </ClInclude>
    <ClInclude Include="3D\WorldTransform.h">
      <Filter>Engine\ヘッダー\3D</Filter>
    </ClInclude>
    <ClInclude Include="GameFunction\ScoreSprite.h">
      <Filter>Engine\ヘッダー\GameFunction</Filter>
    </ClInclude>
    <ClInclude Include="Scene\GameScene.h">
      <Filter>ユーザーヘッダー ファイル</Filter>
    </ClInclude>
    <ClInclude Include="Drawing\Sprite.h">
      <Filter>Engine\ヘッダー\2D</Filter>
    </ClInclude>
    <ClInclude Include="Player.h">
      <Filter>ユーザーヘッダー ファイル\Player</Filter>
    </ClInclude>
    <ClInclude Include="PlayerBullet.h">
      <Filter>ユーザーヘッダー ファイル\Player</Filter>
    </ClInclude>
    <ClInclude Include="RailCamera.h">
      <Filter>ユーザーヘッダー ファイル\RailCamra</Filter>
    </ClInclude>
    <ClInclude Include="Select.h">
      <Filter>ユーザーヘッダー ファイル</Filter>
    </ClInclude>
    <ClInclude Include="GameFunction\Mouse.h">
      <Filter>Engine\ヘッダー\GameFunction</Filter>
    </ClInclude>
    <ClInclude Include="Skydome.h">
      <Filter>ユーザーヘッダー ファイル</Filter>
    </ClInclude>
    <ClInclude Include="Ground.h">
      <Filter>ユーザーヘッダー ファイル</Filter>
    </ClInclude>
    <ClInclude Include="Enemy\Enemy.h">
      <Filter>ユーザーヘッダー ファイル\Enemy</Filter>
    </ClInclude>
    <ClInclude Include="Enemy\EnemyBullet.h">
      <Filter>ユーザーヘッダー ファイル\Enemy</Filter>
    </ClInclude>
    <ClInclude Include="SpriteCommon.h">
      <Filter>Engine\ヘッダー\2D</Filter>
    </ClInclude>
    <ClInclude Include="ConstantBuffer.h">
      <Filter>Engine\ヘッダー\3D</Filter>
    </ClInclude>
    <ClInclude Include="Collision\BaseCollider.h">
      <Filter>Engine\ヘッダー\Collision</Filter>
    </ClInclude>
    <ClInclude Include="Collision\BoxCollision.h">
      <Filter>Engine\ヘッダー\Collision</Filter>
    </ClInclude>
    <ClInclude Include="Collision\Collision.h">
      <Filter>Engine\ヘッダー\Collision</Filter>
    </ClInclude>
    <ClInclude Include="Collision\CollisionAttribute.h">
      <Filter>Engine\ヘッダー\Collision</Filter>
    </ClInclude>
    <ClInclude Include="Collision\CollisionInfo.h">
      <Filter>Engine\ヘッダー\Collision</Filter>
    </ClInclude>
    <ClInclude Include="Collision\CollisionManager.h">
      <Filter>Engine\ヘッダー\Collision</Filter>
    </ClInclude>
    <ClInclude Include="Collision\CollisionPrimitive.h">
      <Filter>Engine\ヘッダー\Collision</Filter>
    </ClInclude>
    <ClInclude Include="Collision\CollisionTypes.h">
      <Filter>Engine\ヘッダー\Collision</Filter>
    </ClInclude>
    <ClInclude Include="Collision\MeshCollider.h">
      <Filter>Engine\ヘッダー\Collision</Filter>
    </ClInclude>
    <ClInclude Include="Collision\QueryCallback.h">
      <Filter>Engine\ヘッダー\Collision</Filter>
    </ClInclude>
    <ClInclude Include="Collision\RaycastHit.h">
      <Filter>Engine\ヘッダー\Collision</Filter>
    </ClInclude>
    <ClInclude Include="Collision\SphereCollider.h">
      <Filter>Engine\ヘッダー\Collision</Filter>
    </ClInclude>
  </ItemGroup>
  <ItemGroup>
    <ClCompile Include="main.cpp">
      <Filter>ユーザーソース ファイル</Filter>
    </ClCompile>
    <ClCompile Include="Sound\Audio.cpp">
      <Filter>Engine\ソース ファイル\Sound</Filter>
    </ClCompile>
    <ClCompile Include="Math\Affin.cpp">
      <Filter>Engine\ソース ファイル\Math</Filter>
    </ClCompile>
    <ClCompile Include="Math\Matrix4.cpp">
      <Filter>Engine\ソース ファイル\Math</Filter>
    </ClCompile>
    <ClCompile Include="Math\Vector2.cpp">
      <Filter>Engine\ソース ファイル\Math</Filter>
    </ClCompile>
    <ClCompile Include="Math\Vector3.cpp">
      <Filter>Engine\ソース ファイル\Math</Filter>
    </ClCompile>
    <ClCompile Include="Math\Vector4.cpp">
      <Filter>Engine\ソース ファイル\Math</Filter>
    </ClCompile>
    <ClCompile Include="GameFunction\Input.cpp">
      <Filter>Engine\ソース ファイル\GameFunction</Filter>
    </ClCompile>
    <ClCompile Include="Drawing\Material.cpp">
      <Filter>Engine\ソース ファイル\Drawing</Filter>
    </ClCompile>
    <ClCompile Include="Drawing\TextureManager.cpp">
      <Filter>Engine\ソース ファイル\Drawing</Filter>
    </ClCompile>
    <ClCompile Include="Camera\ViewProjection.cpp">
      <Filter>Engine\ソース ファイル\Camera</Filter>
    </ClCompile>
    <ClCompile Include="Base\DirectXCore.cpp">
      <Filter>Engine\ソース ファイル\Base</Filter>
    </ClCompile>
    <ClCompile Include="Base\FPS.cpp">
      <Filter>Engine\ソース ファイル\Base</Filter>
    </ClCompile>
    <ClCompile Include="3D\Light.cpp">
      <Filter>Engine\ソース ファイル\3D</Filter>
    </ClCompile>
    <ClCompile Include="3D\Mesh.cpp">
      <Filter>Engine\ソース ファイル\3D</Filter>
    </ClCompile>
    <ClCompile Include="3D\Model.cpp">
      <Filter>Engine\ソース ファイル\3D</Filter>
    </ClCompile>
    <ClCompile Include="3D\WorldTransform.cpp">
      <Filter>Engine\ソース ファイル\3D</Filter>
    </ClCompile>
    <ClCompile Include="GameFunction\ScoreSprite.cpp">
      <Filter>Engine\ソース ファイル\GameFunction</Filter>
    </ClCompile>
    <ClCompile Include="Scene\GameScene.cpp">
      <Filter>ユーザーソース ファイル</Filter>
    </ClCompile>
    <ClCompile Include="Drawing\Sprite.cpp">
      <Filter>Engine\ソース ファイル\2D</Filter>
    </ClCompile>
    <ClCompile Include="Player.cpp">
      <Filter>ユーザーソース ファイル\Player</Filter>
    </ClCompile>
    <ClCompile Include="PlayerBullet.cpp">
      <Filter>ユーザーソース ファイル\Player</Filter>
    </ClCompile>
    <ClCompile Include="RailCamera.cpp">
      <Filter>ユーザーソース ファイル\RailCamera</Filter>
    </ClCompile>
    <ClCompile Include="Select.cpp">
      <Filter>ユーザーソース ファイル</Filter>
    </ClCompile>
    <ClCompile Include="Base\WinApp.cpp">
      <Filter>Engine\ソース ファイル\Base</Filter>
    </ClCompile>
    <ClCompile Include="GameFunction\Mouse.cpp">
      <Filter>Engine\ソース ファイル\GameFunction</Filter>
    </ClCompile>
    <ClCompile Include="Math\MyMath.cpp">
      <Filter>Engine\ソース ファイル\Math</Filter>
    </ClCompile>
    <ClCompile Include="Skydome.cpp">
      <Filter>ユーザーソース ファイル</Filter>
    </ClCompile>
    <ClCompile Include="Ground.cpp">
      <Filter>ユーザーソース ファイル</Filter>
    </ClCompile>
    <ClCompile Include="Enemy\Enemy.cpp">
      <Filter>ユーザーソース ファイル\Enemy</Filter>
    </ClCompile>
    <ClCompile Include="Enemy\EnemyBullet.cpp">
      <Filter>ユーザーソース ファイル\Enemy</Filter>
    </ClCompile>
    <ClCompile Include="SpriteCommon.cpp">
      <Filter>Engine\ソース ファイル\2D</Filter>
    </ClCompile>
    <ClCompile Include="ConstantBuffer.cpp">
      <Filter>Engine\ソース ファイル\3D</Filter>
    </ClCompile>
    <ClCompile Include="Collision\BoxCollision.cpp">
      <Filter>Engine\ソース ファイル\Collision</Filter>
    </ClCompile>
    <ClCompile Include="Collision\Collision.cpp">
      <Filter>Engine\ソース ファイル\Collision</Filter>
    </ClCompile>
    <ClCompile Include="Collision\CollisionManager.cpp">
      <Filter>Engine\ソース ファイル\Collision</Filter>
    </ClCompile>
    <ClCompile Include="Collision\CollisionPrimitive.cpp">
      <Filter>Engine\ソース ファイル\Collision</Filter>
    </ClCompile>
    <ClCompile Include="Collision\MeshCollider.cpp">
      <Filter>Engine\ソース ファイル\Collision</Filter>
    </ClCompile>
    <ClCompile Include="Collision\SphereCollider.cpp">
      <Filter>Engine\ソース ファイル\Collision</Filter>
    </ClCompile>
  </ItemGroup>
</Project>